
Microsoft Visual Studio Solution File, Format Version 12.00
# Visual Studio Version 17
VisualStudioVersion = 17.1.32228.430
MinimumVisualStudioVersion = 10.0.40219.1
Project("{9A19103F-16F7-4668-BE54-9A1E7A4F7556}") = "ClientSocket", "ClientSocket.csproj", "{C9445D20-9BAF-45E7-913B-FACC011A7D42}"
EndProject
Project("{FAE04EC0-301F-11D3-BF4B-00C04F79EFBC}") = "Server", "..\Server\Server.csproj", "{DDEB8810-670A-4115-B5F6-92D997B5F9FA}"
EndProject
Global
	GlobalSection(SolutionConfigurationPlatforms) = preSolution
		Debug|Any CPU = Debug|Any CPU
		Release|Any CPU = Release|Any CPU
	EndGlobalSection
	GlobalSection(ProjectConfigurationPlatforms) = postSolution
		{C9445D20-9BAF-45E7-913B-FACC011A7D42}.Debug|Any CPU.ActiveCfg = Debug|Any CPU
		{C9445D20-9BAF-45E7-913B-FACC011A7D42}.Debug|Any CPU.Build.0 = Debug|Any CPU
		{C9445D20-9BAF-45E7-913B-FACC011A7D42}.Release|Any CPU.ActiveCfg = Release|Any CPU
		{C9445D20-9BAF-45E7-913B-FACC011A7D42}.Release|Any CPU.Build.0 = Release|Any CPU
		{DDEB8810-670A-4115-B5F6-92D997B5F9FA}.Debug|Any CPU.ActiveCfg = Debug|Any CPU
		{DDEB8810-670A-4115-B5F6-92D997B5F9FA}.Debug|Any CPU.Build.0 = Debug|Any CPU
		{DDEB8810-670A-4115-B5F6-92D997B5F9FA}.Release|Any CPU.ActiveCfg = Release|Any CPU
		{DDEB8810-670A-4115-B5F6-92D997B5F9FA}.Release|Any CPU.Build.0 = Release|Any CPU
	EndGlobalSection
	GlobalSection(SolutionProperties) = preSolution
		HideSolutionNode = FALSE
	EndGlobalSection
	GlobalSection(ExtensibilityGlobals) = postSolution
		SolutionGuid = {28D0E02D-0E2F-44E9-8B20-15B61DF96D6A}
	EndGlobalSection
EndGlobal
